
Microsoft Visual Studio Solution File, Format Version 12.00
# Visual Studio Version 16
VisualStudioVersion = 16.0.32002.261
MinimumVisualStudioVersion = 10.0.40219.1
Project("{FAE04EC0-301F-11D3-BF4B-00C04F79EFBC}") = "SYBD_ADM_NVZ", "SYBD_ADM_NVZ\SYBD_ADM_NVZ.csproj", "{1651BBF7-62B7-4267-ACBE-C42150EBA185}"
EndProject
Global
	GlobalSection(SolutionConfigurationPlatforms) = preSolution
		Debug|Any CPU = Debug|Any CPU
		Release|Any CPU = Release|Any CPU
	EndGlobalSection
	GlobalSection(ProjectConfigurationPlatforms) = postSolution
		{1651BBF7-62B7-4267-ACBE-C42150EBA185}.Debug|Any CPU.ActiveCfg = Debug|Any CPU
		{1651BBF7-62B7-4267-ACBE-C42150EBA185}.Debug|Any CPU.Build.0 = Debug|Any CPU
		{1651BBF7-62B7-4267-ACBE-C42150EBA185}.Release|Any CPU.ActiveCfg = Release|Any CPU
		{1651BBF7-62B7-4267-ACBE-C42150EBA185}.Release|Any CPU.Build.0 = Release|Any CPU
	EndGlobalSection
	GlobalSection(SolutionProperties) = preSolution
		HideSolutionNode = FALSE
	EndGlobalSection
	GlobalSection(ExtensibilityGlobals) = postSolution
		SolutionGuid = {9875DCA3-D803-4945-AE26-425FB1CCC40E}
	EndGlobalSection
EndGlobal
